
Microsoft Visual Studio Solution File, Format Version 12.00
# Visual Studio 15
VisualStudioVersion = 15.0.27004.2002
MinimumVisualStudioVersion = 10.0.40219.1
Project("{2150E333-8FDC-42A3-9474-1A3956D46DE8}") = "Solution Items", "Solution Items", "{3049502E-2389-4C0B-88EB-485A0C4C79C1}"
	ProjectSection(SolutionItems) = preProject
		CHANGELOG.md = CHANGELOG.md
		README.md = README.md
	EndProjectSection
EndProject
Project("{9A19103F-16F7-4668-BE54-9A1E7A4F7556}") = "PoorMansTSqlFormatterNetStandardLib", "PoorMansTSqlFormatterNetStandardLib\PoorMansTSqlFormatterNetStandardLib.csproj", "{79CE2C4E-22EB-4F58-825B-2452B8991CAD}"
EndProject
Global
	GlobalSection(SolutionConfigurationPlatforms) = preSolution
		Debug|Any CPU = Debug|Any CPU
		Debug|PureDotNet = Debug|PureDotNet
		Debug|x64 = Debug|x64
		Debug|x86 = Debug|x86
		Release|Any CPU = Release|Any CPU
		Release|PureDotNet = Release|PureDotNet
		Release|x64 = Release|x64
		Release|x86 = Release|x86
	EndGlobalSection
	GlobalSection(ProjectConfigurationPlatforms) = postSolution
		{79CE2C4E-22EB-4F58-825B-2452B8991CAD}.Debug|Any CPU.ActiveCfg = Debug|Any CPU
		{79CE2C4E-22EB-4F58-825B-2452B8991CAD}.Debug|Any CPU.Build.0 = Debug|Any CPU
		{79CE2C4E-22EB-4F58-825B-2452B8991CAD}.Debug|PureDotNet.ActiveCfg = Debug|Any CPU
		{79CE2C4E-22EB-4F58-825B-2452B8991CAD}.Debug|PureDotNet.Build.0 = Debug|Any CPU
		{79CE2C4E-22EB-4F58-825B-2452B8991CAD}.Debug|x64.ActiveCfg = Debug|Any CPU
		{79CE2C4E-22EB-4F58-825B-2452B8991CAD}.Debug|x64.Build.0 = Debug|Any CPU
		{79CE2C4E-22EB-4F58-825B-2452B8991CAD}.Debug|x86.ActiveCfg = Debug|Any CPU
		{79CE2C4E-22EB-4F58-825B-2452B8991CAD}.Debug|x86.Build.0 = Debug|Any CPU
		{79CE2C4E-22EB-4F58-825B-2452B8991CAD}.Release|Any CPU.ActiveCfg = Release|Any CPU
		{79CE2C4E-22EB-4F58-825B-2452B8991CAD}.Release|Any CPU.Build.0 = Release|Any CPU
		{79CE2C4E-22EB-4F58-825B-2452B8991CAD}.Release|PureDotNet.ActiveCfg = Release|Any CPU
		{79CE2C4E-22EB-4F58-825B-2452B8991CAD}.Release|PureDotNet.Build.0 = Release|Any CPU
		{79CE2C4E-22EB-4F58-825B-2452B8991CAD}.Release|x64.ActiveCfg = Release|Any CPU
		{79CE2C4E-22EB-4F58-825B-2452B8991CAD}.Release|x64.Build.0 = Release|Any CPU
		{79CE2C4E-22EB-4F58-825B-2452B8991CAD}.Release|x86.ActiveCfg = Release|Any CPU
		{79CE2C4E-22EB-4F58-825B-2452B8991CAD}.Release|x86.Build.0 = Release|Any CPU
	EndGlobalSection
	GlobalSection(SolutionProperties) = preSolution
		HideSolutionNode = FALSE
	EndGlobalSection
	GlobalSection(ExtensibilityGlobals) = postSolution
		SolutionGuid = {50FBCB50-25C3-4822-9500-64072D9BE3C7}
	EndGlobalSection
EndGlobal
