
Microsoft Visual Studio Solution File, Format Version 12.00
# Visual Studio Version 17
VisualStudioVersion = 17.2.32630.192
MinimumVisualStudioVersion = 10.0.40219.1
Project("{9A19103F-16F7-4668-BE54-9A1E7A4F7556}") = "PoorMansTSqlFormatterLib", "PoorMansTSqlFormatterLib\PoorMansTSqlFormatterLib.csproj", "{691283D3-9C0F-43D2-B4A9-5E06D36B40F6}"
EndProject
Project("{9A19103F-16F7-4668-BE54-9A1E7A4F7556}") = "PoorMansTSqlFormatterCmdLine", "PoorMansTSqlFormatterCmdLine\PoorMansTSqlFormatterCmdLine.csproj", "{918E987E-17FB-4DB2-BCA0-3E44E46E1AC3}"
	ProjectSection(ProjectDependencies) = postProject
		{691283D3-9C0F-43D2-B4A9-5E06D36B40F6} = {691283D3-9C0F-43D2-B4A9-5E06D36B40F6}
	EndProjectSection
EndProject
Project("{9A19103F-16F7-4668-BE54-9A1E7A4F7556}") = "PoorMansTSqlFormatterTests", "PoorMansTSqlFormatterTest\PoorMansTSqlFormatterTests.csproj", "{94DD1885-BBC0-4238-AA33-E3249F8A6CA9}"
EndProject
Project("{9A19103F-16F7-4668-BE54-9A1E7A4F7556}") = "PoorMansTSqlFormatterJSLib", "tst\PoorMansTSqlFormatterJSLib.csproj", "{C29D1881-65EA-45D4-9FE7-5E67825364B3}"
	ProjectSection(ProjectDependencies) = postProject
		{691283D3-9C0F-43D2-B4A9-5E06D36B40F6} = {691283D3-9C0F-43D2-B4A9-5E06D36B40F6}
	EndProjectSection
EndProject
Project("{FAE04EC0-301F-11D3-BF4B-00C04F79EFBC}") = "PoorMansTSqlFormatterDemo", "WinFormsApp1\PoorMansTSqlFormatterDemo.csproj", "{3C44524E-2882-49BA-B72C-941FDF0BB09B}"
EndProject
Global
	GlobalSection(SolutionConfigurationPlatforms) = preSolution
		Debug|Any CPU = Debug|Any CPU
		Release|Any CPU = Release|Any CPU
	EndGlobalSection
	GlobalSection(ProjectConfigurationPlatforms) = postSolution
		{691283D3-9C0F-43D2-B4A9-5E06D36B40F6}.Debug|Any CPU.ActiveCfg = Debug|Any CPU
		{691283D3-9C0F-43D2-B4A9-5E06D36B40F6}.Debug|Any CPU.Build.0 = Debug|Any CPU
		{691283D3-9C0F-43D2-B4A9-5E06D36B40F6}.Release|Any CPU.ActiveCfg = Release|Any CPU
		{691283D3-9C0F-43D2-B4A9-5E06D36B40F6}.Release|Any CPU.Build.0 = Release|Any CPU
		{918E987E-17FB-4DB2-BCA0-3E44E46E1AC3}.Debug|Any CPU.ActiveCfg = Debug|Any CPU
		{918E987E-17FB-4DB2-BCA0-3E44E46E1AC3}.Debug|Any CPU.Build.0 = Debug|Any CPU
		{918E987E-17FB-4DB2-BCA0-3E44E46E1AC3}.Release|Any CPU.ActiveCfg = Release|Any CPU
		{918E987E-17FB-4DB2-BCA0-3E44E46E1AC3}.Release|Any CPU.Build.0 = Release|Any CPU
		{94DD1885-BBC0-4238-AA33-E3249F8A6CA9}.Debug|Any CPU.ActiveCfg = Debug|Any CPU
		{94DD1885-BBC0-4238-AA33-E3249F8A6CA9}.Debug|Any CPU.Build.0 = Debug|Any CPU
		{94DD1885-BBC0-4238-AA33-E3249F8A6CA9}.Release|Any CPU.ActiveCfg = Release|Any CPU
		{94DD1885-BBC0-4238-AA33-E3249F8A6CA9}.Release|Any CPU.Build.0 = Release|Any CPU
		{C29D1881-65EA-45D4-9FE7-5E67825364B3}.Debug|Any CPU.ActiveCfg = Debug|Any CPU
		{C29D1881-65EA-45D4-9FE7-5E67825364B3}.Debug|Any CPU.Build.0 = Debug|Any CPU
		{C29D1881-65EA-45D4-9FE7-5E67825364B3}.Release|Any CPU.ActiveCfg = Release|Any CPU
		{C29D1881-65EA-45D4-9FE7-5E67825364B3}.Release|Any CPU.Build.0 = Release|Any CPU
		{3C44524E-2882-49BA-B72C-941FDF0BB09B}.Debug|Any CPU.ActiveCfg = Debug|Any CPU
		{3C44524E-2882-49BA-B72C-941FDF0BB09B}.Debug|Any CPU.Build.0 = Debug|Any CPU
		{3C44524E-2882-49BA-B72C-941FDF0BB09B}.Release|Any CPU.ActiveCfg = Release|Any CPU
		{3C44524E-2882-49BA-B72C-941FDF0BB09B}.Release|Any CPU.Build.0 = Release|Any CPU
	EndGlobalSection
	GlobalSection(SolutionProperties) = preSolution
		HideSolutionNode = FALSE
	EndGlobalSection
	GlobalSection(ExtensibilityGlobals) = postSolution
		SolutionGuid = {347088D0-DC97-41E0-BA6D-63DDF351654F}
	EndGlobalSection
EndGlobal
