
Microsoft Visual Studio Solution File, Format Version 12.00
# Visual Studio Version 17
VisualStudioVersion = 17.0.32014.148
MinimumVisualStudioVersion = 10.0.40219.1
Project("{2150E333-8FDC-42A3-9474-1A3956D46DE8}") = "Solution Items", "Solution Items", "{3049502E-2389-4C0B-88EB-485A0C4C79C1}"
	ProjectSection(SolutionItems) = preProject
		CHANGELOG.md = CHANGELOG.md
		README.md = README.md
	EndProjectSection
EndProject
Project("{FAE04EC0-301F-11D3-BF4B-00C04F79EFBC}") = "PoorMansTSqlFormatterLib", "PoorMansTSqlFormatterLib\PoorMansTSqlFormatterLib.csproj", "{ADBDFDCA-CAB6-4569-9151-0BD42E65B400}"
EndProject
Project("{FAE04EC0-301F-11D3-BF4B-00C04F79EFBC}") = "PoorMansTSqlFormatterDemo", "PoorMansTSqlFormatterDemo\PoorMansTSqlFormatterDemo.csproj", "{9C7499A9-0A53-499B-8320-5CF4ECB72683}"
EndProject
Project("{FAE04EC0-301F-11D3-BF4B-00C04F79EFBC}") = "PoorMansTSqlFormatterTests", "PoorMansTSqlFormatterTest\PoorMansTSqlFormatterTests.csproj", "{FBBF4CE8-C24D-4A43-9D8C-B54B2E7E3FB7}"
EndProject
Project("{FAE04EC0-301F-11D3-BF4B-00C04F79EFBC}") = "PoorMansTSqlFormatterWebDemo", "PoorMansTSqlFormatterWebDemo\PoorMansTSqlFormatterWebDemo.csproj", "{13C7C347-4081-41DB-8857-DCD191B37539}"
EndProject
Project("{FAE04EC0-301F-11D3-BF4B-00C04F79EFBC}") = "PoorMansTSqlFormatterSSMSAddIn", "PoorMansTSqlFormatterSSMSAddIn\PoorMansTSqlFormatterSSMSAddIn.csproj", "{BBE30E5A-E867-47BA-92E7-E718AB78CAE1}"
EndProject
Project("{FAE04EC0-301F-11D3-BF4B-00C04F79EFBC}") = "PoorMansTSqlFormatterCmdLine", "PoorMansTSqlFormatterCmdLine\PoorMansTSqlFormatterCmdLine.csproj", "{5FA98EDC-12DA-4580-9845-788590C59922}"
EndProject
Project("{FAE04EC0-301F-11D3-BF4B-00C04F79EFBC}") = "PoorMansTSqlFormatterNppPlugin", "PoorMansTSqlFormatterNppPlugin\PoorMansTSqlFormatterNppPlugin.csproj", "{E56F6E12-089C-40ED-BCFD-923E5FA121A1}"
EndProject
Project("{FAE04EC0-301F-11D3-BF4B-00C04F79EFBC}") = "PoorMansTSqlFormatterPluginShared", "PoorMansTSqlFormatterPluginShared\PoorMansTSqlFormatterPluginShared.csproj", "{4C350944-937B-4416-8442-3197FC7098F2}"
EndProject
Project("{FAE04EC0-301F-11D3-BF4B-00C04F79EFBC}") = "PoorMansTSqlFormatterLib_35", "PoorMansTSqlFormatterLib\PoorMansTSqlFormatterLib_35.csproj", "{DBBDE1C0-D108-4B68-A7D2-C1CE55BBC704}"
EndProject
Project("{54435603-DBB4-11D2-8724-00A0C9A8B90C}") = "PoorMansTSqlFormatterWinMergePlugin.Setup", "PoorMansTSqlFormatterWinMergePlugin.Setup\PoorMansTSqlFormatterWinMergePlugin.Setup.vdproj", "{1DBCA552-F3F0-494C-A678-796A1EEDA724}"
EndProject
Project("{FAE04EC0-301F-11D3-BF4B-00C04F79EFBC}") = "PoorMansTSqlFormatterSSMSLib", "PoorMansTSqlFormatterSSMSLib\PoorMansTSqlFormatterSSMSLib.csproj", "{26FF8D32-886E-426E-A5BA-8AA7D7F14DFA}"
EndProject
Project("{FAE04EC0-301F-11D3-BF4B-00C04F79EFBC}") = "PoorMansTSqlFormatterSSMSPackage", "PoorMansTSqlFormatterSSMSPackage\PoorMansTSqlFormatterSSMSPackage.csproj", "{679B3998-C5A5-4B64-8674-70BE959ACE6E}"
EndProject
Project("{FAE04EC0-301F-11D3-BF4B-00C04F79EFBC}") = "PoorMansTSqlFormatterJSLib", "PoorMansTSqlFormatterJSLib\PoorMansTSqlFormatterJSLib.csproj", "{944E63B9-65A4-4139-BD42-096E1B15EF86}"
EndProject
Project("{930C7802-8A8C-48F9-8165-68863BCCD9DD}") = "PoorMansTSqlFormatterSSMSPackage.Setup", "PoorMansTSqlFormatterSSMSPackage.Setup\PoorMansTSqlFormatterSSMSPackage.Setup.wixproj", "{68BB52F0-B9C6-483D-AC85-0951D2A08918}"
EndProject
Project("{FAE04EC0-301F-11D3-BF4B-00C04F79EFBC}") = "PoorMansTSqlFormatterSSMSPackage.Setup.action", "PoorMansTSqlFormatterSSMSPackage.Setup.action\PoorMansTSqlFormatterSSMSPackage.Setup.action.csproj", "{4DC8B3E3-EBC3-44B2-945B-6C5B7F490F33}"
EndProject
Project("{930C7802-8A8C-48F9-8165-68863BCCD9DD}") = "PoorMansTSqlFormatterSSMSAddIn.Setup", "PoorMansTSqlFormatterSSMSAddIn.Setup\PoorMansTSqlFormatterSSMSAddIn.Setup.wixproj", "{B390D318-1D55-47AE-A95A-D9FAA9B44DD9}"
EndProject
Project("{FAE04EC0-301F-11D3-BF4B-00C04F79EFBC}") = "PoorMansTSqlFormatterSSMSAddIn.Setup.action", "PoorMansTSqlFormatterSSMSAddIn.Setup.action\PoorMansTSqlFormatterSSMSAddIn.Setup.action.csproj", "{604AEB5D-45FB-4959-B1B9-DC6D310A8F40}"
EndProject
Project("{FAE04EC0-301F-11D3-BF4B-00C04F79EFBC}") = "PoorMansTSqlFormatterVSPackage2013", "PoorMansTSqlFormatterVSPackage2013\PoorMansTSqlFormatterVSPackage2013.csproj", "{B1175A57-8B7B-4B8D-ACE0-3597B6B729F8}"
EndProject
Project("{FAE04EC0-301F-11D3-BF4B-00C04F79EFBC}") = "PoorMansTSqlFormatterVSPackage2019", "PoorMansTSqlFormatterVSPackage2019\PoorMansTSqlFormatterVSPackage2019.csproj", "{A160C033-3357-4BBB-9BF6-7B7D9971AD65}"
EndProject
Project("{FAE04EC0-301F-11D3-BF4B-00C04F79EFBC}") = "PoorMansTSqlFormatterVSPackage2022", "PoorMansTSqlFormatterVSPackage2022\PoorMansTSqlFormatterVSPackage2022.csproj", "{9A7FF3C3-2296-4206-997A-5FEE1859939B}"
EndProject
Project("{FAE04EC0-301F-11D3-BF4B-00C04F79EFBC}") = "PoorMansTSqlFormatterVS2022Lib", "PoorMansTSqlFormatterVS2022Lib\PoorMansTSqlFormatterVS2022Lib.csproj", "{ABB28F44-4AD0-44FA-A534-EFF164AB1D28}"
EndProject
Global
	GlobalSection(SolutionConfigurationPlatforms) = preSolution
		Debug|Any CPU = Debug|Any CPU
		Debug|PureDotNet = Debug|PureDotNet
		Debug|x64 = Debug|x64
		Debug|x86 = Debug|x86
		Release|Any CPU = Release|Any CPU
		Release|PureDotNet = Release|PureDotNet
		Release|x64 = Release|x64
		Release|x86 = Release|x86
	EndGlobalSection
	GlobalSection(ProjectConfigurationPlatforms) = postSolution
		{ADBDFDCA-CAB6-4569-9151-0BD42E65B400}.Debug|Any CPU.ActiveCfg = Debug|Any CPU
		{ADBDFDCA-CAB6-4569-9151-0BD42E65B400}.Debug|Any CPU.Build.0 = Debug|Any CPU
		{ADBDFDCA-CAB6-4569-9151-0BD42E65B400}.Debug|PureDotNet.ActiveCfg = Debug|Any CPU
		{ADBDFDCA-CAB6-4569-9151-0BD42E65B400}.Debug|PureDotNet.Build.0 = Debug|Any CPU
		{ADBDFDCA-CAB6-4569-9151-0BD42E65B400}.Debug|x64.ActiveCfg = Debug|Any CPU
		{ADBDFDCA-CAB6-4569-9151-0BD42E65B400}.Debug|x64.Build.0 = Debug|Any CPU
		{ADBDFDCA-CAB6-4569-9151-0BD42E65B400}.Debug|x86.ActiveCfg = Debug|Any CPU
		{ADBDFDCA-CAB6-4569-9151-0BD42E65B400}.Debug|x86.Build.0 = Debug|Any CPU
		{ADBDFDCA-CAB6-4569-9151-0BD42E65B400}.Release|Any CPU.ActiveCfg = Release|Any CPU
		{ADBDFDCA-CAB6-4569-9151-0BD42E65B400}.Release|Any CPU.Build.0 = Release|Any CPU
		{ADBDFDCA-CAB6-4569-9151-0BD42E65B400}.Release|PureDotNet.ActiveCfg = Release|Any CPU
		{ADBDFDCA-CAB6-4569-9151-0BD42E65B400}.Release|PureDotNet.Build.0 = Release|Any CPU
		{ADBDFDCA-CAB6-4569-9151-0BD42E65B400}.Release|x64.ActiveCfg = Release|Any CPU
		{ADBDFDCA-CAB6-4569-9151-0BD42E65B400}.Release|x64.Build.0 = Release|Any CPU
		{ADBDFDCA-CAB6-4569-9151-0BD42E65B400}.Release|x86.ActiveCfg = Release|Any CPU
		{ADBDFDCA-CAB6-4569-9151-0BD42E65B400}.Release|x86.Build.0 = Release|Any CPU
		{9C7499A9-0A53-499B-8320-5CF4ECB72683}.Debug|Any CPU.ActiveCfg = Debug|Any CPU
		{9C7499A9-0A53-499B-8320-5CF4ECB72683}.Debug|Any CPU.Build.0 = Debug|Any CPU
		{9C7499A9-0A53-499B-8320-5CF4ECB72683}.Debug|PureDotNet.ActiveCfg = Debug|Any CPU
		{9C7499A9-0A53-499B-8320-5CF4ECB72683}.Debug|PureDotNet.Build.0 = Debug|Any CPU
		{9C7499A9-0A53-499B-8320-5CF4ECB72683}.Debug|x64.ActiveCfg = Debug|Any CPU
		{9C7499A9-0A53-499B-8320-5CF4ECB72683}.Debug|x86.ActiveCfg = Debug|Any CPU
		{9C7499A9-0A53-499B-8320-5CF4ECB72683}.Release|Any CPU.ActiveCfg = Release|Any CPU
		{9C7499A9-0A53-499B-8320-5CF4ECB72683}.Release|Any CPU.Build.0 = Release|Any CPU
		{9C7499A9-0A53-499B-8320-5CF4ECB72683}.Release|PureDotNet.ActiveCfg = Release|Any CPU
		{9C7499A9-0A53-499B-8320-5CF4ECB72683}.Release|PureDotNet.Build.0 = Release|Any CPU
		{9C7499A9-0A53-499B-8320-5CF4ECB72683}.Release|x64.ActiveCfg = Release|Any CPU
		{9C7499A9-0A53-499B-8320-5CF4ECB72683}.Release|x86.ActiveCfg = Release|Any CPU
		{FBBF4CE8-C24D-4A43-9D8C-B54B2E7E3FB7}.Debug|Any CPU.ActiveCfg = Debug|Any CPU
		{FBBF4CE8-C24D-4A43-9D8C-B54B2E7E3FB7}.Debug|Any CPU.Build.0 = Debug|Any CPU
		{FBBF4CE8-C24D-4A43-9D8C-B54B2E7E3FB7}.Debug|PureDotNet.ActiveCfg = Debug|Any CPU
		{FBBF4CE8-C24D-4A43-9D8C-B54B2E7E3FB7}.Debug|PureDotNet.Build.0 = Debug|Any CPU
		{FBBF4CE8-C24D-4A43-9D8C-B54B2E7E3FB7}.Debug|x64.ActiveCfg = Debug|Any CPU
		{FBBF4CE8-C24D-4A43-9D8C-B54B2E7E3FB7}.Debug|x86.ActiveCfg = Debug|Any CPU
		{FBBF4CE8-C24D-4A43-9D8C-B54B2E7E3FB7}.Release|Any CPU.ActiveCfg = Release|Any CPU
		{FBBF4CE8-C24D-4A43-9D8C-B54B2E7E3FB7}.Release|Any CPU.Build.0 = Release|Any CPU
		{FBBF4CE8-C24D-4A43-9D8C-B54B2E7E3FB7}.Release|PureDotNet.ActiveCfg = Release|Any CPU
		{FBBF4CE8-C24D-4A43-9D8C-B54B2E7E3FB7}.Release|PureDotNet.Build.0 = Release|Any CPU
		{FBBF4CE8-C24D-4A43-9D8C-B54B2E7E3FB7}.Release|x64.ActiveCfg = Release|Any CPU
		{FBBF4CE8-C24D-4A43-9D8C-B54B2E7E3FB7}.Release|x86.ActiveCfg = Release|Any CPU
		{13C7C347-4081-41DB-8857-DCD191B37539}.Debug|Any CPU.ActiveCfg = Debug|Any CPU
		{13C7C347-4081-41DB-8857-DCD191B37539}.Debug|Any CPU.Build.0 = Debug|Any CPU
		{13C7C347-4081-41DB-8857-DCD191B37539}.Debug|PureDotNet.ActiveCfg = Debug|Any CPU
		{13C7C347-4081-41DB-8857-DCD191B37539}.Debug|PureDotNet.Build.0 = Debug|Any CPU
		{13C7C347-4081-41DB-8857-DCD191B37539}.Debug|x64.ActiveCfg = Debug|Any CPU
		{13C7C347-4081-41DB-8857-DCD191B37539}.Debug|x86.ActiveCfg = Debug|Any CPU
		{13C7C347-4081-41DB-8857-DCD191B37539}.Release|Any CPU.ActiveCfg = Release|Any CPU
		{13C7C347-4081-41DB-8857-DCD191B37539}.Release|Any CPU.Build.0 = Release|Any CPU
		{13C7C347-4081-41DB-8857-DCD191B37539}.Release|PureDotNet.ActiveCfg = Release|Any CPU
		{13C7C347-4081-41DB-8857-DCD191B37539}.Release|PureDotNet.Build.0 = Release|Any CPU
		{13C7C347-4081-41DB-8857-DCD191B37539}.Release|x64.ActiveCfg = Release|Any CPU
		{13C7C347-4081-41DB-8857-DCD191B37539}.Release|x86.ActiveCfg = Release|Any CPU
		{BBE30E5A-E867-47BA-92E7-E718AB78CAE1}.Debug|Any CPU.ActiveCfg = Debug|Any CPU
		{BBE30E5A-E867-47BA-92E7-E718AB78CAE1}.Debug|Any CPU.Build.0 = Debug|Any CPU
		{BBE30E5A-E867-47BA-92E7-E718AB78CAE1}.Debug|PureDotNet.ActiveCfg = Debug|Any CPU
		{BBE30E5A-E867-47BA-92E7-E718AB78CAE1}.Debug|PureDotNet.Build.0 = Debug|Any CPU
		{BBE30E5A-E867-47BA-92E7-E718AB78CAE1}.Debug|x64.ActiveCfg = Debug|Any CPU
		{BBE30E5A-E867-47BA-92E7-E718AB78CAE1}.Debug|x86.ActiveCfg = Debug|Any CPU
		{BBE30E5A-E867-47BA-92E7-E718AB78CAE1}.Debug|x86.Build.0 = Debug|Any CPU
		{BBE30E5A-E867-47BA-92E7-E718AB78CAE1}.Release|Any CPU.ActiveCfg = Release|Any CPU
		{BBE30E5A-E867-47BA-92E7-E718AB78CAE1}.Release|Any CPU.Build.0 = Release|Any CPU
		{BBE30E5A-E867-47BA-92E7-E718AB78CAE1}.Release|PureDotNet.ActiveCfg = Release|Any CPU
		{BBE30E5A-E867-47BA-92E7-E718AB78CAE1}.Release|PureDotNet.Build.0 = Release|Any CPU
		{BBE30E5A-E867-47BA-92E7-E718AB78CAE1}.Release|x64.ActiveCfg = Release|Any CPU
		{BBE30E5A-E867-47BA-92E7-E718AB78CAE1}.Release|x86.ActiveCfg = Release|Any CPU
		{BBE30E5A-E867-47BA-92E7-E718AB78CAE1}.Release|x86.Build.0 = Release|Any CPU
		{5FA98EDC-12DA-4580-9845-788590C59922}.Debug|Any CPU.ActiveCfg = Debug|Any CPU
		{5FA98EDC-12DA-4580-9845-788590C59922}.Debug|Any CPU.Build.0 = Debug|Any CPU
		{5FA98EDC-12DA-4580-9845-788590C59922}.Debug|PureDotNet.ActiveCfg = Debug|Any CPU
		{5FA98EDC-12DA-4580-9845-788590C59922}.Debug|PureDotNet.Build.0 = Debug|Any CPU
		{5FA98EDC-12DA-4580-9845-788590C59922}.Debug|x64.ActiveCfg = Debug|Any CPU
		{5FA98EDC-12DA-4580-9845-788590C59922}.Debug|x86.ActiveCfg = Debug|Any CPU
		{5FA98EDC-12DA-4580-9845-788590C59922}.Release|Any CPU.ActiveCfg = Release|Any CPU
		{5FA98EDC-12DA-4580-9845-788590C59922}.Release|Any CPU.Build.0 = Release|Any CPU
		{5FA98EDC-12DA-4580-9845-788590C59922}.Release|PureDotNet.ActiveCfg = Release|Any CPU
		{5FA98EDC-12DA-4580-9845-788590C59922}.Release|PureDotNet.Build.0 = Release|Any CPU
		{5FA98EDC-12DA-4580-9845-788590C59922}.Release|x64.ActiveCfg = Release|Any CPU
		{5FA98EDC-12DA-4580-9845-788590C59922}.Release|x86.ActiveCfg = Release|Any CPU
		{E56F6E12-089C-40ED-BCFD-923E5FA121A1}.Debug|Any CPU.ActiveCfg = Debug|x64
		{E56F6E12-089C-40ED-BCFD-923E5FA121A1}.Debug|Any CPU.Build.0 = Debug|x64
		{E56F6E12-089C-40ED-BCFD-923E5FA121A1}.Debug|PureDotNet.ActiveCfg = Debug|x86
		{E56F6E12-089C-40ED-BCFD-923E5FA121A1}.Debug|x64.ActiveCfg = Debug|x64
		{E56F6E12-089C-40ED-BCFD-923E5FA121A1}.Debug|x64.Build.0 = Debug|x64
		{E56F6E12-089C-40ED-BCFD-923E5FA121A1}.Debug|x86.ActiveCfg = Debug|x86
		{E56F6E12-089C-40ED-BCFD-923E5FA121A1}.Debug|x86.Build.0 = Debug|x86
		{E56F6E12-089C-40ED-BCFD-923E5FA121A1}.Release|Any CPU.ActiveCfg = Release|x64
		{E56F6E12-089C-40ED-BCFD-923E5FA121A1}.Release|Any CPU.Build.0 = Release|x64
		{E56F6E12-089C-40ED-BCFD-923E5FA121A1}.Release|PureDotNet.ActiveCfg = Release|x86
		{E56F6E12-089C-40ED-BCFD-923E5FA121A1}.Release|x64.ActiveCfg = Release|x64
		{E56F6E12-089C-40ED-BCFD-923E5FA121A1}.Release|x64.Build.0 = Release|x64
		{E56F6E12-089C-40ED-BCFD-923E5FA121A1}.Release|x86.ActiveCfg = Release|x86
		{E56F6E12-089C-40ED-BCFD-923E5FA121A1}.Release|x86.Build.0 = Release|x86
		{4C350944-937B-4416-8442-3197FC7098F2}.Debug|Any CPU.ActiveCfg = Debug|Any CPU
		{4C350944-937B-4416-8442-3197FC7098F2}.Debug|Any CPU.Build.0 = Debug|Any CPU
		{4C350944-937B-4416-8442-3197FC7098F2}.Debug|PureDotNet.ActiveCfg = Debug|Any CPU
		{4C350944-937B-4416-8442-3197FC7098F2}.Debug|PureDotNet.Build.0 = Debug|Any CPU
		{4C350944-937B-4416-8442-3197FC7098F2}.Debug|x64.ActiveCfg = Debug|Any CPU
		{4C350944-937B-4416-8442-3197FC7098F2}.Debug|x64.Build.0 = Debug|Any CPU
		{4C350944-937B-4416-8442-3197FC7098F2}.Debug|x86.ActiveCfg = Debug|Any CPU
		{4C350944-937B-4416-8442-3197FC7098F2}.Debug|x86.Build.0 = Debug|Any CPU
		{4C350944-937B-4416-8442-3197FC7098F2}.Release|Any CPU.ActiveCfg = Release|Any CPU
		{4C350944-937B-4416-8442-3197FC7098F2}.Release|Any CPU.Build.0 = Release|Any CPU
		{4C350944-937B-4416-8442-3197FC7098F2}.Release|PureDotNet.ActiveCfg = Release|Any CPU
		{4C350944-937B-4416-8442-3197FC7098F2}.Release|PureDotNet.Build.0 = Release|Any CPU
		{4C350944-937B-4416-8442-3197FC7098F2}.Release|x64.ActiveCfg = Release|Any CPU
		{4C350944-937B-4416-8442-3197FC7098F2}.Release|x64.Build.0 = Release|Any CPU
		{4C350944-937B-4416-8442-3197FC7098F2}.Release|x86.ActiveCfg = Release|Any CPU
		{4C350944-937B-4416-8442-3197FC7098F2}.Release|x86.Build.0 = Release|Any CPU
		{DBBDE1C0-D108-4B68-A7D2-C1CE55BBC704}.Debug|Any CPU.ActiveCfg = Debug|Any CPU
		{DBBDE1C0-D108-4B68-A7D2-C1CE55BBC704}.Debug|Any CPU.Build.0 = Debug|Any CPU
		{DBBDE1C0-D108-4B68-A7D2-C1CE55BBC704}.Debug|PureDotNet.ActiveCfg = Debug|Any CPU
		{DBBDE1C0-D108-4B68-A7D2-C1CE55BBC704}.Debug|PureDotNet.Build.0 = Debug|Any CPU
		{DBBDE1C0-D108-4B68-A7D2-C1CE55BBC704}.Debug|x64.ActiveCfg = Debug|Any CPU
		{DBBDE1C0-D108-4B68-A7D2-C1CE55BBC704}.Debug|x86.ActiveCfg = Debug|Any CPU
		{DBBDE1C0-D108-4B68-A7D2-C1CE55BBC704}.Release|Any CPU.ActiveCfg = Release|Any CPU
		{DBBDE1C0-D108-4B68-A7D2-C1CE55BBC704}.Release|Any CPU.Build.0 = Release|Any CPU
		{DBBDE1C0-D108-4B68-A7D2-C1CE55BBC704}.Release|PureDotNet.ActiveCfg = Release|Any CPU
		{DBBDE1C0-D108-4B68-A7D2-C1CE55BBC704}.Release|PureDotNet.Build.0 = Release|Any CPU
		{DBBDE1C0-D108-4B68-A7D2-C1CE55BBC704}.Release|x64.ActiveCfg = Release|Any CPU
		{DBBDE1C0-D108-4B68-A7D2-C1CE55BBC704}.Release|x86.ActiveCfg = Release|Any CPU
		{1DBCA552-F3F0-494C-A678-796A1EEDA724}.Debug|Any CPU.ActiveCfg = Debug
		{1DBCA552-F3F0-494C-A678-796A1EEDA724}.Debug|PureDotNet.ActiveCfg = Debug
		{1DBCA552-F3F0-494C-A678-796A1EEDA724}.Debug|x64.ActiveCfg = Debug
		{1DBCA552-F3F0-494C-A678-796A1EEDA724}.Debug|x86.ActiveCfg = Debug
		{1DBCA552-F3F0-494C-A678-796A1EEDA724}.Release|Any CPU.ActiveCfg = Release
		{1DBCA552-F3F0-494C-A678-796A1EEDA724}.Release|PureDotNet.ActiveCfg = Release
		{1DBCA552-F3F0-494C-A678-796A1EEDA724}.Release|x64.ActiveCfg = Release
		{1DBCA552-F3F0-494C-A678-796A1EEDA724}.Release|x86.ActiveCfg = Release
		{26FF8D32-886E-426E-A5BA-8AA7D7F14DFA}.Debug|Any CPU.ActiveCfg = Debug|Any CPU
		{26FF8D32-886E-426E-A5BA-8AA7D7F14DFA}.Debug|Any CPU.Build.0 = Debug|Any CPU
		{26FF8D32-886E-426E-A5BA-8AA7D7F14DFA}.Debug|PureDotNet.ActiveCfg = Debug|Any CPU
		{26FF8D32-886E-426E-A5BA-8AA7D7F14DFA}.Debug|PureDotNet.Build.0 = Debug|Any CPU
		{26FF8D32-886E-426E-A5BA-8AA7D7F14DFA}.Debug|x64.ActiveCfg = Debug|Any CPU
		{26FF8D32-886E-426E-A5BA-8AA7D7F14DFA}.Debug|x86.ActiveCfg = Debug|Any CPU
		{26FF8D32-886E-426E-A5BA-8AA7D7F14DFA}.Debug|x86.Build.0 = Debug|Any CPU
		{26FF8D32-886E-426E-A5BA-8AA7D7F14DFA}.Release|Any CPU.ActiveCfg = Release|Any CPU
		{26FF8D32-886E-426E-A5BA-8AA7D7F14DFA}.Release|Any CPU.Build.0 = Release|Any CPU
		{26FF8D32-886E-426E-A5BA-8AA7D7F14DFA}.Release|PureDotNet.ActiveCfg = Release|Any CPU
		{26FF8D32-886E-426E-A5BA-8AA7D7F14DFA}.Release|PureDotNet.Build.0 = Release|Any CPU
		{26FF8D32-886E-426E-A5BA-8AA7D7F14DFA}.Release|x64.ActiveCfg = Release|Any CPU
		{26FF8D32-886E-426E-A5BA-8AA7D7F14DFA}.Release|x86.ActiveCfg = Release|Any CPU
		{26FF8D32-886E-426E-A5BA-8AA7D7F14DFA}.Release|x86.Build.0 = Release|Any CPU
		{679B3998-C5A5-4B64-8674-70BE959ACE6E}.Debug|Any CPU.ActiveCfg = Debug|Any CPU
		{679B3998-C5A5-4B64-8674-70BE959ACE6E}.Debug|Any CPU.Build.0 = Debug|Any CPU
		{679B3998-C5A5-4B64-8674-70BE959ACE6E}.Debug|PureDotNet.ActiveCfg = Debug|Any CPU
		{679B3998-C5A5-4B64-8674-70BE959ACE6E}.Debug|PureDotNet.Build.0 = Debug|Any CPU
		{679B3998-C5A5-4B64-8674-70BE959ACE6E}.Debug|x64.ActiveCfg = Debug|Any CPU
		{679B3998-C5A5-4B64-8674-70BE959ACE6E}.Debug|x86.ActiveCfg = Debug|Any CPU
		{679B3998-C5A5-4B64-8674-70BE959ACE6E}.Debug|x86.Build.0 = Debug|Any CPU
		{679B3998-C5A5-4B64-8674-70BE959ACE6E}.Release|Any CPU.ActiveCfg = Release|Any CPU
		{679B3998-C5A5-4B64-8674-70BE959ACE6E}.Release|Any CPU.Build.0 = Release|Any CPU
		{679B3998-C5A5-4B64-8674-70BE959ACE6E}.Release|PureDotNet.ActiveCfg = Release|Any CPU
		{679B3998-C5A5-4B64-8674-70BE959ACE6E}.Release|PureDotNet.Build.0 = Release|Any CPU
		{679B3998-C5A5-4B64-8674-70BE959ACE6E}.Release|x64.ActiveCfg = Release|Any CPU
		{679B3998-C5A5-4B64-8674-70BE959ACE6E}.Release|x86.ActiveCfg = Release|Any CPU
		{679B3998-C5A5-4B64-8674-70BE959ACE6E}.Release|x86.Build.0 = Release|Any CPU
		{944E63B9-65A4-4139-BD42-096E1B15EF86}.Debug|Any CPU.ActiveCfg = Debug|Any CPU
		{944E63B9-65A4-4139-BD42-096E1B15EF86}.Debug|Any CPU.Build.0 = Debug|Any CPU
		{944E63B9-65A4-4139-BD42-096E1B15EF86}.Debug|PureDotNet.ActiveCfg = Debug|Any CPU
		{944E63B9-65A4-4139-BD42-096E1B15EF86}.Debug|PureDotNet.Build.0 = Debug|Any CPU
		{944E63B9-65A4-4139-BD42-096E1B15EF86}.Debug|x64.ActiveCfg = Debug|Any CPU
		{944E63B9-65A4-4139-BD42-096E1B15EF86}.Debug|x86.ActiveCfg = Debug|Any CPU
		{944E63B9-65A4-4139-BD42-096E1B15EF86}.Release|Any CPU.ActiveCfg = Release|Any CPU
		{944E63B9-65A4-4139-BD42-096E1B15EF86}.Release|Any CPU.Build.0 = Release|Any CPU
		{944E63B9-65A4-4139-BD42-096E1B15EF86}.Release|PureDotNet.ActiveCfg = Release|Any CPU
		{944E63B9-65A4-4139-BD42-096E1B15EF86}.Release|PureDotNet.Build.0 = Release|Any CPU
		{944E63B9-65A4-4139-BD42-096E1B15EF86}.Release|x64.ActiveCfg = Release|Any CPU
		{944E63B9-65A4-4139-BD42-096E1B15EF86}.Release|x86.ActiveCfg = Release|Any CPU
		{68BB52F0-B9C6-483D-AC85-0951D2A08918}.Debug|Any CPU.ActiveCfg = Debug|x86
		{68BB52F0-B9C6-483D-AC85-0951D2A08918}.Debug|Any CPU.Build.0 = Debug|x86
		{68BB52F0-B9C6-483D-AC85-0951D2A08918}.Debug|PureDotNet.ActiveCfg = Debug|x86
		{68BB52F0-B9C6-483D-AC85-0951D2A08918}.Debug|x64.ActiveCfg = Debug|x86
		{68BB52F0-B9C6-483D-AC85-0951D2A08918}.Debug|x86.ActiveCfg = Debug|x86
		{68BB52F0-B9C6-483D-AC85-0951D2A08918}.Debug|x86.Build.0 = Debug|x86
		{68BB52F0-B9C6-483D-AC85-0951D2A08918}.Release|Any CPU.ActiveCfg = Release|x86
		{68BB52F0-B9C6-483D-AC85-0951D2A08918}.Release|Any CPU.Build.0 = Release|x86
		{68BB52F0-B9C6-483D-AC85-0951D2A08918}.Release|PureDotNet.ActiveCfg = Release|x86
		{68BB52F0-B9C6-483D-AC85-0951D2A08918}.Release|x64.ActiveCfg = Release|x86
		{68BB52F0-B9C6-483D-AC85-0951D2A08918}.Release|x86.ActiveCfg = Release|x86
		{68BB52F0-B9C6-483D-AC85-0951D2A08918}.Release|x86.Build.0 = Release|x86
		{4DC8B3E3-EBC3-44B2-945B-6C5B7F490F33}.Debug|Any CPU.ActiveCfg = Debug|Any CPU
		{4DC8B3E3-EBC3-44B2-945B-6C5B7F490F33}.Debug|Any CPU.Build.0 = Debug|Any CPU
		{4DC8B3E3-EBC3-44B2-945B-6C5B7F490F33}.Debug|PureDotNet.ActiveCfg = Debug|Any CPU
		{4DC8B3E3-EBC3-44B2-945B-6C5B7F490F33}.Debug|PureDotNet.Build.0 = Debug|Any CPU
		{4DC8B3E3-EBC3-44B2-945B-6C5B7F490F33}.Debug|x64.ActiveCfg = Debug|Any CPU
		{4DC8B3E3-EBC3-44B2-945B-6C5B7F490F33}.Debug|x86.ActiveCfg = Debug|Any CPU
		{4DC8B3E3-EBC3-44B2-945B-6C5B7F490F33}.Debug|x86.Build.0 = Debug|Any CPU
		{4DC8B3E3-EBC3-44B2-945B-6C5B7F490F33}.Release|Any CPU.ActiveCfg = Release|Any CPU
		{4DC8B3E3-EBC3-44B2-945B-6C5B7F490F33}.Release|Any CPU.Build.0 = Release|Any CPU
		{4DC8B3E3-EBC3-44B2-945B-6C5B7F490F33}.Release|PureDotNet.ActiveCfg = Release|Any CPU
		{4DC8B3E3-EBC3-44B2-945B-6C5B7F490F33}.Release|PureDotNet.Build.0 = Release|Any CPU
		{4DC8B3E3-EBC3-44B2-945B-6C5B7F490F33}.Release|x64.ActiveCfg = Release|Any CPU
		{4DC8B3E3-EBC3-44B2-945B-6C5B7F490F33}.Release|x86.ActiveCfg = Release|Any CPU
		{4DC8B3E3-EBC3-44B2-945B-6C5B7F490F33}.Release|x86.Build.0 = Release|Any CPU
		{B390D318-1D55-47AE-A95A-D9FAA9B44DD9}.Debug|Any CPU.ActiveCfg = Debug|x86
		{B390D318-1D55-47AE-A95A-D9FAA9B44DD9}.Debug|Any CPU.Build.0 = Debug|x86
		{B390D318-1D55-47AE-A95A-D9FAA9B44DD9}.Debug|PureDotNet.ActiveCfg = Debug|x86
		{B390D318-1D55-47AE-A95A-D9FAA9B44DD9}.Debug|x64.ActiveCfg = Debug|x86
		{B390D318-1D55-47AE-A95A-D9FAA9B44DD9}.Debug|x86.ActiveCfg = Debug|x86
		{B390D318-1D55-47AE-A95A-D9FAA9B44DD9}.Debug|x86.Build.0 = Debug|x86
		{B390D318-1D55-47AE-A95A-D9FAA9B44DD9}.Release|Any CPU.ActiveCfg = Release|x86
		{B390D318-1D55-47AE-A95A-D9FAA9B44DD9}.Release|Any CPU.Build.0 = Release|x86
		{B390D318-1D55-47AE-A95A-D9FAA9B44DD9}.Release|PureDotNet.ActiveCfg = Release|x86
		{B390D318-1D55-47AE-A95A-D9FAA9B44DD9}.Release|x64.ActiveCfg = Release|x86
		{B390D318-1D55-47AE-A95A-D9FAA9B44DD9}.Release|x86.ActiveCfg = Release|x86
		{B390D318-1D55-47AE-A95A-D9FAA9B44DD9}.Release|x86.Build.0 = Release|x86
		{604AEB5D-45FB-4959-B1B9-DC6D310A8F40}.Debug|Any CPU.ActiveCfg = Debug|Any CPU
		{604AEB5D-45FB-4959-B1B9-DC6D310A8F40}.Debug|Any CPU.Build.0 = Debug|Any CPU
		{604AEB5D-45FB-4959-B1B9-DC6D310A8F40}.Debug|PureDotNet.ActiveCfg = Debug|Any CPU
		{604AEB5D-45FB-4959-B1B9-DC6D310A8F40}.Debug|PureDotNet.Build.0 = Debug|Any CPU
		{604AEB5D-45FB-4959-B1B9-DC6D310A8F40}.Debug|x64.ActiveCfg = Debug|Any CPU
		{604AEB5D-45FB-4959-B1B9-DC6D310A8F40}.Debug|x86.ActiveCfg = Debug|Any CPU
		{604AEB5D-45FB-4959-B1B9-DC6D310A8F40}.Debug|x86.Build.0 = Debug|Any CPU
		{604AEB5D-45FB-4959-B1B9-DC6D310A8F40}.Release|Any CPU.ActiveCfg = Release|Any CPU
		{604AEB5D-45FB-4959-B1B9-DC6D310A8F40}.Release|Any CPU.Build.0 = Release|Any CPU
		{604AEB5D-45FB-4959-B1B9-DC6D310A8F40}.Release|PureDotNet.ActiveCfg = Release|Any CPU
		{604AEB5D-45FB-4959-B1B9-DC6D310A8F40}.Release|PureDotNet.Build.0 = Release|Any CPU
		{604AEB5D-45FB-4959-B1B9-DC6D310A8F40}.Release|x64.ActiveCfg = Release|Any CPU
		{604AEB5D-45FB-4959-B1B9-DC6D310A8F40}.Release|x86.ActiveCfg = Release|Any CPU
		{604AEB5D-45FB-4959-B1B9-DC6D310A8F40}.Release|x86.Build.0 = Release|Any CPU
		{B1175A57-8B7B-4B8D-ACE0-3597B6B729F8}.Debug|Any CPU.ActiveCfg = Debug|Any CPU
		{B1175A57-8B7B-4B8D-ACE0-3597B6B729F8}.Debug|Any CPU.Build.0 = Debug|Any CPU
		{B1175A57-8B7B-4B8D-ACE0-3597B6B729F8}.Debug|PureDotNet.ActiveCfg = Debug|Any CPU
		{B1175A57-8B7B-4B8D-ACE0-3597B6B729F8}.Debug|PureDotNet.Build.0 = Debug|Any CPU
		{B1175A57-8B7B-4B8D-ACE0-3597B6B729F8}.Debug|x64.ActiveCfg = Debug|Any CPU
		{B1175A57-8B7B-4B8D-ACE0-3597B6B729F8}.Debug|x86.ActiveCfg = Debug|Any CPU
		{B1175A57-8B7B-4B8D-ACE0-3597B6B729F8}.Debug|x86.Build.0 = Debug|Any CPU
		{B1175A57-8B7B-4B8D-ACE0-3597B6B729F8}.Release|Any CPU.ActiveCfg = Release|Any CPU
		{B1175A57-8B7B-4B8D-ACE0-3597B6B729F8}.Release|Any CPU.Build.0 = Release|Any CPU
		{B1175A57-8B7B-4B8D-ACE0-3597B6B729F8}.Release|PureDotNet.ActiveCfg = Release|Any CPU
		{B1175A57-8B7B-4B8D-ACE0-3597B6B729F8}.Release|PureDotNet.Build.0 = Release|Any CPU
		{B1175A57-8B7B-4B8D-ACE0-3597B6B729F8}.Release|x64.ActiveCfg = Release|Any CPU
		{B1175A57-8B7B-4B8D-ACE0-3597B6B729F8}.Release|x86.ActiveCfg = Release|Any CPU
		{B1175A57-8B7B-4B8D-ACE0-3597B6B729F8}.Release|x86.Build.0 = Release|Any CPU
		{A160C033-3357-4BBB-9BF6-7B7D9971AD65}.Debug|Any CPU.ActiveCfg = Debug|Any CPU
		{A160C033-3357-4BBB-9BF6-7B7D9971AD65}.Debug|Any CPU.Build.0 = Debug|Any CPU
		{A160C033-3357-4BBB-9BF6-7B7D9971AD65}.Debug|PureDotNet.ActiveCfg = Debug|Any CPU
		{A160C033-3357-4BBB-9BF6-7B7D9971AD65}.Debug|PureDotNet.Build.0 = Debug|Any CPU
		{A160C033-3357-4BBB-9BF6-7B7D9971AD65}.Debug|x64.ActiveCfg = Debug|Any CPU
		{A160C033-3357-4BBB-9BF6-7B7D9971AD65}.Debug|x64.Build.0 = Debug|Any CPU
		{A160C033-3357-4BBB-9BF6-7B7D9971AD65}.Debug|x86.ActiveCfg = Debug|Any CPU
		{A160C033-3357-4BBB-9BF6-7B7D9971AD65}.Debug|x86.Build.0 = Debug|Any CPU
		{A160C033-3357-4BBB-9BF6-7B7D9971AD65}.Release|Any CPU.ActiveCfg = Release|Any CPU
		{A160C033-3357-4BBB-9BF6-7B7D9971AD65}.Release|Any CPU.Build.0 = Release|Any CPU
		{A160C033-3357-4BBB-9BF6-7B7D9971AD65}.Release|PureDotNet.ActiveCfg = Release|Any CPU
		{A160C033-3357-4BBB-9BF6-7B7D9971AD65}.Release|PureDotNet.Build.0 = Release|Any CPU
		{A160C033-3357-4BBB-9BF6-7B7D9971AD65}.Release|x64.ActiveCfg = Release|Any CPU
		{A160C033-3357-4BBB-9BF6-7B7D9971AD65}.Release|x64.Build.0 = Release|Any CPU
		{A160C033-3357-4BBB-9BF6-7B7D9971AD65}.Release|x86.ActiveCfg = Release|Any CPU
		{A160C033-3357-4BBB-9BF6-7B7D9971AD65}.Release|x86.Build.0 = Release|Any CPU
		{9A7FF3C3-2296-4206-997A-5FEE1859939B}.Debug|Any CPU.ActiveCfg = Debug|Any CPU
		{9A7FF3C3-2296-4206-997A-5FEE1859939B}.Debug|Any CPU.Build.0 = Debug|Any CPU
		{9A7FF3C3-2296-4206-997A-5FEE1859939B}.Debug|PureDotNet.ActiveCfg = Debug|Any CPU
		{9A7FF3C3-2296-4206-997A-5FEE1859939B}.Debug|PureDotNet.Build.0 = Debug|Any CPU
		{9A7FF3C3-2296-4206-997A-5FEE1859939B}.Debug|x64.ActiveCfg = Debug|Any CPU
		{9A7FF3C3-2296-4206-997A-5FEE1859939B}.Debug|x64.Build.0 = Debug|Any CPU
		{9A7FF3C3-2296-4206-997A-5FEE1859939B}.Debug|x86.ActiveCfg = Debug|x86
		{9A7FF3C3-2296-4206-997A-5FEE1859939B}.Debug|x86.Build.0 = Debug|x86
		{9A7FF3C3-2296-4206-997A-5FEE1859939B}.Release|Any CPU.ActiveCfg = Release|Any CPU
		{9A7FF3C3-2296-4206-997A-5FEE1859939B}.Release|Any CPU.Build.0 = Release|Any CPU
		{9A7FF3C3-2296-4206-997A-5FEE1859939B}.Release|PureDotNet.ActiveCfg = Release|Any CPU
		{9A7FF3C3-2296-4206-997A-5FEE1859939B}.Release|PureDotNet.Build.0 = Release|Any CPU
		{9A7FF3C3-2296-4206-997A-5FEE1859939B}.Release|x64.ActiveCfg = Release|Any CPU
		{9A7FF3C3-2296-4206-997A-5FEE1859939B}.Release|x64.Build.0 = Release|Any CPU
		{9A7FF3C3-2296-4206-997A-5FEE1859939B}.Release|x86.ActiveCfg = Release|x86
		{9A7FF3C3-2296-4206-997A-5FEE1859939B}.Release|x86.Build.0 = Release|x86
		{ABB28F44-4AD0-44FA-A534-EFF164AB1D28}.Debug|Any CPU.ActiveCfg = Debug|Any CPU
		{ABB28F44-4AD0-44FA-A534-EFF164AB1D28}.Debug|Any CPU.Build.0 = Debug|Any CPU
		{ABB28F44-4AD0-44FA-A534-EFF164AB1D28}.Debug|PureDotNet.ActiveCfg = Debug|Any CPU
		{ABB28F44-4AD0-44FA-A534-EFF164AB1D28}.Debug|PureDotNet.Build.0 = Debug|Any CPU
		{ABB28F44-4AD0-44FA-A534-EFF164AB1D28}.Debug|x64.ActiveCfg = Debug|Any CPU
		{ABB28F44-4AD0-44FA-A534-EFF164AB1D28}.Debug|x64.Build.0 = Debug|Any CPU
		{ABB28F44-4AD0-44FA-A534-EFF164AB1D28}.Debug|x86.ActiveCfg = Debug|Any CPU
		{ABB28F44-4AD0-44FA-A534-EFF164AB1D28}.Debug|x86.Build.0 = Debug|Any CPU
		{ABB28F44-4AD0-44FA-A534-EFF164AB1D28}.Release|Any CPU.ActiveCfg = Release|Any CPU
		{ABB28F44-4AD0-44FA-A534-EFF164AB1D28}.Release|Any CPU.Build.0 = Release|Any CPU
		{ABB28F44-4AD0-44FA-A534-EFF164AB1D28}.Release|PureDotNet.ActiveCfg = Release|Any CPU
		{ABB28F44-4AD0-44FA-A534-EFF164AB1D28}.Release|PureDotNet.Build.0 = Release|Any CPU
		{ABB28F44-4AD0-44FA-A534-EFF164AB1D28}.Release|x64.ActiveCfg = Release|Any CPU
		{ABB28F44-4AD0-44FA-A534-EFF164AB1D28}.Release|x64.Build.0 = Release|Any CPU
		{ABB28F44-4AD0-44FA-A534-EFF164AB1D28}.Release|x86.ActiveCfg = Release|Any CPU
		{ABB28F44-4AD0-44FA-A534-EFF164AB1D28}.Release|x86.Build.0 = Release|Any CPU
	EndGlobalSection
	GlobalSection(SolutionProperties) = preSolution
		HideSolutionNode = FALSE
	EndGlobalSection
	GlobalSection(ExtensibilityGlobals) = postSolution
		SolutionGuid = {37C2E476-2711-4476-8B03-F1FB68C9C9C3}
	EndGlobalSection
EndGlobal
