
Microsoft Visual Studio Solution File, Format Version 12.00
# Visual Studio Version 16
VisualStudioVersion = 16.0.32630.194
MinimumVisualStudioVersion = 10.0.40219.1
Project("{FAE04EC0-301F-11D3-BF4B-00C04F79EFBC}") = "VSIX3", "VSIX3.csproj", "{9E76A9D3-C563-43BF-93A0-9CF4A6DE9564}"
EndProject
Global
	GlobalSection(SolutionConfigurationPlatforms) = preSolution
		Debug|Any CPU = Debug|Any CPU
		Release|Any CPU = Release|Any CPU
	EndGlobalSection
	GlobalSection(ProjectConfigurationPlatforms) = postSolution
		{9E76A9D3-C563-43BF-93A0-9CF4A6DE9564}.Debug|Any CPU.ActiveCfg = Debug|Any CPU
		{9E76A9D3-C563-43BF-93A0-9CF4A6DE9564}.Debug|Any CPU.Build.0 = Debug|Any CPU
		{9E76A9D3-C563-43BF-93A0-9CF4A6DE9564}.Release|Any CPU.ActiveCfg = Release|Any CPU
		{9E76A9D3-C563-43BF-93A0-9CF4A6DE9564}.Release|Any CPU.Build.0 = Release|Any CPU
	EndGlobalSection
	GlobalSection(SolutionProperties) = preSolution
		HideSolutionNode = FALSE
	EndGlobalSection
	GlobalSection(ExtensibilityGlobals) = postSolution
		SolutionGuid = {51A3FF56-901F-44AD-9E5B-363D3FA485B9}
	EndGlobalSection
EndGlobal
